
Microsoft Visual Studio Solution File, Format Version 12.00
# Visual Studio 15
VisualStudioVersion = 15.0.28307.421
MinimumVisualStudioVersion = 10.0.40219.1
Project("{159641D6-6404-4A2A-AE62-294DE0FE8301}") = "verimadproje", "verimadproje\verimadproje.dtproj", "{B1387DD3-E2D0-43BA-B172-4071C2F6EC68}"
EndProject
Global
	GlobalSection(SolutionConfigurationPlatforms) = preSolution
		Development|Default = Development|Default
	EndGlobalSection
	GlobalSection(ProjectConfigurationPlatforms) = postSolution
		{B1387DD3-E2D0-43BA-B172-4071C2F6EC68}.Development|Default.ActiveCfg = Development
		{B1387DD3-E2D0-43BA-B172-4071C2F6EC68}.Development|Default.Build.0 = Development
	EndGlobalSection
	GlobalSection(SolutionProperties) = preSolution
		HideSolutionNode = FALSE
	EndGlobalSection
	GlobalSection(ExtensibilityGlobals) = postSolution
		SolutionGuid = {FB4956B1-1C1A-4D44-BC69-85768CFC0FDE}
	EndGlobalSection
EndGlobal
